{
  "lockfileVersion": 1,
  "configVersion": 1,
  "workspaces": {
    "": {
      "name": "finsliparn",
      "devDependencies": {
        "@biomejs/biome": "2.3.8",
        "@types/bun": "latest",
        "lefthook": "^2.0.8",
        "ultracite": "6.3.9"
      },
      "peerDependencies": {
        "typescript": "^5"
      }
    }
  },
  "packages": {
    "@biomejs/biome": [
      "@biomejs/biome@2.3.8",
      "",
      {
        "optionalDependencies": {
          "@biomejs/cli-darwin-arm64": "2.3.8",
          "@biomejs/cli-darwin-x64": "2.3.8",
          "@biomejs/cli-linux-arm64": "2.3.8",
          "@biomejs/cli-linux-arm64-musl": "2.3.8",
          "@biomejs/cli-linux-x64": "2.3.8",
          "@biomejs/cli-linux-x64-musl": "2.3.8",
          "@biomejs/cli-win32-arm64": "2.3.8",
          "@biomejs/cli-win32-x64": "2.3.8"
        },
        "bin": { "biome": "bin/biome" }
      },
      "sha512-Qjsgoe6FEBxWAUzwFGFrB+1+M8y/y5kwmg5CHac+GSVOdmOIqsAiXM5QMVGZJ1eCUCLlPZtq4aFAQ0eawEUuUA=="
    ],

    "@biomejs/cli-darwin-arm64": [
      "@biomejs/cli-darwin-arm64@2.3.8",
      "",
      { "os": "darwin", "cpu": "arm64" },
      "sha512-HM4Zg9CGQ3txTPflxD19n8MFPrmUAjaC7PQdLkugeeC0cQ+PiVrd7i09gaBS/11QKsTDBJhVg85CEIK9f50Qww=="
    ],

    "@biomejs/cli-darwin-x64": [
      "@biomejs/cli-darwin-x64@2.3.8",
      "",
      { "os": "darwin", "cpu": "x64" },
      "sha512-lUDQ03D7y/qEao7RgdjWVGCu+BLYadhKTm40HkpJIi6kn8LSv5PAwRlew/DmwP4YZ9ke9XXoTIQDO1vAnbRZlA=="
    ],

    "@biomejs/cli-linux-arm64": [
      "@biomejs/cli-linux-arm64@2.3.8",
      "",
      { "os": "linux", "cpu": "arm64" },
      "sha512-Uo1OJnIkJgSgF+USx970fsM/drtPcQ39I+JO+Fjsaa9ZdCN1oysQmy6oAGbyESlouz+rzEckLTF6DS7cWse95g=="
    ],

    "@biomejs/cli-linux-arm64-musl": [
      "@biomejs/cli-linux-arm64-musl@2.3.8",
      "",
      { "os": "linux", "cpu": "arm64" },
      "sha512-PShR4mM0sjksUMyxbyPNMxoKFPVF48fU8Qe8Sfx6w6F42verbwRLbz+QiKNiDPRJwUoMG1nPM50OBL3aOnTevA=="
    ],

    "@biomejs/cli-linux-x64": [
      "@biomejs/cli-linux-x64@2.3.8",
      "",
      { "os": "linux", "cpu": "x64" },
      "sha512-QDPMD5bQz6qOVb3kiBui0zKZXASLo0NIQ9JVJio5RveBEFgDgsvJFUvZIbMbUZT3T00M/1wdzwWXk4GIh0KaAw=="
    ],

    "@biomejs/cli-linux-x64-musl": [
      "@biomejs/cli-linux-x64-musl@2.3.8",
      "",
      { "os": "linux", "cpu": "x64" },
      "sha512-YGLkqU91r1276uwSjiUD/xaVikdxgV1QpsicT0bIA1TaieM6E5ibMZeSyjQ/izBn4tKQthUSsVZacmoJfa3pDA=="
    ],

    "@biomejs/cli-win32-arm64": [
      "@biomejs/cli-win32-arm64@2.3.8",
      "",
      { "os": "win32", "cpu": "arm64" },
      "sha512-H4IoCHvL1fXKDrTALeTKMiE7GGWFAraDwBYFquE/L/5r1927Te0mYIGseXi4F+lrrwhSWbSGt5qPFswNoBaCxg=="
    ],

    "@biomejs/cli-win32-x64": [
      "@biomejs/cli-win32-x64@2.3.8",
      "",
      { "os": "win32", "cpu": "x64" },
      "sha512-RguzimPoZWtBapfKhKjcWXBVI91tiSprqdBYu7tWhgN8pKRZhw24rFeNZTNf6UiBfjCYCi9eFQs/JzJZIhuK4w=="
    ],

    "@clack/core": [
      "@clack/core@0.5.0",
      "",
      { "dependencies": { "picocolors": "^1.0.0", "sisteransi": "^1.0.5" } },
      "sha512-p3y0FIOwaYRUPRcMO7+dlmLh8PSRcrjuTndsiA0WAFbWES0mLZlrjVoBRZ9DzkPFJZG6KGkJmoEAY0ZcVWTkow=="
    ],

    "@clack/prompts": [
      "@clack/prompts@0.11.0",
      "",
      {
        "dependencies": {
          "@clack/core": "0.5.0",
          "picocolors": "^1.0.0",
          "sisteransi": "^1.0.5"
        }
      },
      "sha512-pMN5FcrEw9hUkZA4f+zLlzivQSeQf5dRGJjSUbvVYDLvpKCdQx5OaknvKzgbtXOizhP+SJJJjqEbOe55uKKfAw=="
    ],

    "@isaacs/balanced-match": [
      "@isaacs/balanced-match@4.0.1",
      "",
      {},
      "sha512-yzMTt9lEb8Gv7zRioUilSglI0c0smZ9k5D65677DLWLtWJaXIS3CqcGyUFByYKlnUj6TkjLVs54fBl6+TiGQDQ=="
    ],

    "@isaacs/brace-expansion": [
      "@isaacs/brace-expansion@5.0.0",
      "",
      { "dependencies": { "@isaacs/balanced-match": "^4.0.1" } },
      "sha512-ZT55BDLV0yv0RBm2czMiZ+SqCGO7AvmOM3G/w2xhVPH+te0aKgFjmBvGlL1dH+ql2tgGO3MVrbb3jCKyvpgnxA=="
    ],

    "@trpc/server": [
      "@trpc/server@11.7.2",
      "",
      { "peerDependencies": { "typescript": ">=5.7.2" } },
      "sha512-AgB26PXY69sckherIhCacKLY49rxE2XP5h38vr/KMZTbLCL1p8IuIoKPjALTcugC2kbyQ7Lbqo2JDVfRSmPmfQ=="
    ],

    "@types/bun": [
      "@types/bun@1.3.3",
      "",
      { "dependencies": { "bun-types": "1.3.3" } },
      "sha512-ogrKbJ2X5N0kWLLFKeytG0eHDleBYtngtlbu9cyBKFtNL3cnpDZkNdQj8flVf6WTZUX5ulI9AY1oa7ljhSrp+g=="
    ],

    "@types/node": [
      "@types/node@24.10.1",
      "",
      { "dependencies": { "undici-types": "~7.16.0" } },
      "sha512-GNWcUTRBgIRJD5zj+Tq0fKOJ5XZajIiBroOF0yvj2bSU1WvNdYS/dn9UxwsujGW4JX06dnHyjV2y9rRaybH0iQ=="
    ],

    "bun-types": [
      "bun-types@1.3.3",
      "",
      { "dependencies": { "@types/node": "*" } },
      "sha512-z3Xwlg7j2l9JY27x5Qn3Wlyos8YAp0kKRlrePAOjgjMGS5IG6E7Jnlx736vH9UVI4wUICwwhC9anYL++XeOgTQ=="
    ],

    "citty": [
      "citty@0.1.6",
      "",
      { "dependencies": { "consola": "^3.2.3" } },
      "sha512-tskPPKEs8D2KPafUypv2gxwJP8h/OaJmC82QQGGDQcHvXX43xF2VDACcJVmZ0EuSxkpO9Kc4MlrA3q0+FG58AQ=="
    ],

    "commander": [
      "commander@14.0.2",
      "",
      {},
      "sha512-TywoWNNRbhoD0BXs1P3ZEScW8W5iKrnbithIl0YH+uCmBd0QpPOA8yc82DS3BIE5Ma6FnBVUsJ7wVUDz4dvOWQ=="
    ],

    "confbox": [
      "confbox@0.2.2",
      "",
      {},
      "sha512-1NB+BKqhtNipMsov4xI/NnhCKp9XG9NamYp5PVm9klAT0fsrNPjaFICsCFhNhwZJKNh7zB/3q8qXz0E9oaMNtQ=="
    ],

    "consola": [
      "consola@3.4.2",
      "",
      {},
      "sha512-5IKcdX0nnYavi6G7TtOhwkYzyjfJlatbjMjuLSfE2kYT5pMDOilZ4OvMhi637CcDICTmz3wARPoyhqyX1Y+XvA=="
    ],

    "deepmerge": [
      "deepmerge@4.3.1",
      "",
      {},
      "sha512-3sUqbMEc77XqpdNO7FRyRog+eW3ph+GYCbj+rK+uYyRMuwsVy0rMiVtPn+QJlKFvWP/1PYpapqYn0Me2knFn+A=="
    ],

    "exsolve": [
      "exsolve@1.0.8",
      "",
      {},
      "sha512-LmDxfWXwcTArk8fUEnOfSZpHOJ6zOMUJKOtFLFqJLoKJetuQG874Uc7/Kki7zFLzYybmZhp1M7+98pfMqeX8yA=="
    ],

    "glob": [
      "glob@13.0.0",
      "",
      {
        "dependencies": {
          "minimatch": "^10.1.1",
          "minipass": "^7.1.2",
          "path-scurry": "^2.0.0"
        }
      },
      "sha512-tvZgpqk6fz4BaNZ66ZsRaZnbHvP/jG3uKJvAZOwEVUL4RTA5nJeeLYfyN9/VA8NX/V3IBG+hkeuGpKjvELkVhA=="
    ],

    "jsonc-parser": [
      "jsonc-parser@3.3.1",
      "",
      {},
      "sha512-HUgH65KyejrUFPvHFPbqOY0rsFip3Bo5wb4ngvdi1EpCYWUQDC5V+Y7mZws+DLkr4M//zQJoanu1SP+87Dv1oQ=="
    ],

    "lefthook": [
      "lefthook@2.0.8",
      "",
      {
        "optionalDependencies": {
          "lefthook-darwin-arm64": "2.0.8",
          "lefthook-darwin-x64": "2.0.8",
          "lefthook-freebsd-arm64": "2.0.8",
          "lefthook-freebsd-x64": "2.0.8",
          "lefthook-linux-arm64": "2.0.8",
          "lefthook-linux-x64": "2.0.8",
          "lefthook-openbsd-arm64": "2.0.8",
          "lefthook-openbsd-x64": "2.0.8",
          "lefthook-windows-arm64": "2.0.8",
          "lefthook-windows-x64": "2.0.8"
        },
        "bin": { "lefthook": "bin/index.js" }
      },
      "sha512-FozDCKeSI+m3BP0cvyPgHch+yf7ClS3hDy1JsRUrbNmlyjqBcmlygnRXsZzpH+wHoNnF2fmfhJhkx/7S7IpaVw=="
    ],

    "lefthook-darwin-arm64": [
      "lefthook-darwin-arm64@2.0.8",
      "",
      { "os": "darwin", "cpu": "arm64" },
      "sha512-Nu52qmqhSP+DKKuKYKDkMkPbgvgTZv+ueEo1LVXidTcgxEwvrbe2balcdqdulQTsPfYtm3pCPvv8ikalHrH+Qg=="
    ],

    "lefthook-darwin-x64": [
      "lefthook-darwin-x64@2.0.8",
      "",
      { "os": "darwin", "cpu": "x64" },
      "sha512-EGNBw1vuXzphs/KyDchkglwnYNkKQH3EpptIPXcQCRC3WKiz87PSrwkOxjGtgDg6nLYWru3YUzgcFrIGUXjWPw=="
    ],

    "lefthook-freebsd-arm64": [
      "lefthook-freebsd-arm64@2.0.8",
      "",
      { "os": "freebsd", "cpu": "arm64" },
      "sha512-ZPua6y7y7l/0PpMJhU1ZAt4jl0dC3F+EGlSzy9v0vqzyoixk0HRqsz9nxN7wmJo/5vHhHJBjsE5/sEYS9Z8tsQ=="
    ],

    "lefthook-freebsd-x64": [
      "lefthook-freebsd-x64@2.0.8",
      "",
      { "os": "freebsd", "cpu": "x64" },
      "sha512-ab9M5gCsMeYzOeBoHIOz+zyVSnEZowwV2jn3Am+x625ZNcqU0T3eNf+a7ppopvkQjrehfmO3y5HiMVAkSAs1Vw=="
    ],

    "lefthook-linux-arm64": [
      "lefthook-linux-arm64@2.0.8",
      "",
      { "os": "linux", "cpu": "arm64" },
      "sha512-BaoUKmwnAbWssSwVHoA0HyJFX3m+Mp6xJhxD4YAu8H1mo8DNOWBG5J7DGXJRIiBTm6YjAXlerq8Pjfx4lycfYQ=="
    ],

    "lefthook-linux-x64": [
      "lefthook-linux-x64@2.0.8",
      "",
      { "os": "linux", "cpu": "x64" },
      "sha512-oNXcoGWsGy/U9gqE6PJpLtiNlGlAgoYtVmfc2gauNPRJehaQBaifD5/5aXPiWhRukUTQ1p9kuShFDpT2jOYn5Q=="
    ],

    "lefthook-openbsd-arm64": [
      "lefthook-openbsd-arm64@2.0.8",
      "",
      { "os": "openbsd", "cpu": "arm64" },
      "sha512-pxUgnilqsnDEWF7J5uNViHJ+Q4gSEQbRbrcIEdluBzjW34E20WK4UPk0bxZDQZAeaXTubNQEvyafmfY7dWe4Gg=="
    ],

    "lefthook-openbsd-x64": [
      "lefthook-openbsd-x64@2.0.8",
      "",
      { "os": "openbsd", "cpu": "x64" },
      "sha512-p50cpkWImLwU330JJuJaioNVT1X/Z56iqPOLEgBt2+1BlljmPe/eGrMArF4iIKfdZ4wFJ9f2h0gq+jyvQGFjSg=="
    ],

    "lefthook-windows-arm64": [
      "lefthook-windows-arm64@2.0.8",
      "",
      { "os": "win32", "cpu": "arm64" },
      "sha512-dStshOCvmg9sQSUmWNiLMLv52HFTVxC9JE2HGxCiHcK5oqVZS2v9cCZdFdiDZ1Xldi3ozLi2y7/Xpzul8Oqv5Q=="
    ],

    "lefthook-windows-x64": [
      "lefthook-windows-x64@2.0.8",
      "",
      { "os": "win32", "cpu": "x64" },
      "sha512-2YgT6feliy6CCDwbkT3pg1ylKD1b9lj+O5NdLsrxvZGRmO6ftXleWB4xfWKGGY8FrzAD2Y3eEVDv5n3NvGHDzw=="
    ],

    "lru-cache": [
      "lru-cache@11.2.4",
      "",
      {},
      "sha512-B5Y16Jr9LB9dHVkh6ZevG+vAbOsNOYCX+sXvFWFu7B3Iz5mijW3zdbMyhsh8ANd2mSWBYdJgnqi+mL7/LrOPYg=="
    ],

    "minimatch": [
      "minimatch@10.1.1",
      "",
      { "dependencies": { "@isaacs/brace-expansion": "^5.0.0" } },
      "sha512-enIvLvRAFZYXJzkCYG5RKmPfrFArdLv+R+lbQ53BmIMLIry74bjKzX6iHAm8WYamJkhSSEabrWN5D97XnKObjQ=="
    ],

    "minipass": [
      "minipass@7.1.2",
      "",
      {},
      "sha512-qOOzS1cBTWYF4BH8fVePDBOO9iptMnGUEZwNc/cMWnTV2nVLZ7VoNWEPHkYczZA0pdoA7dl6e7FL659nX9S2aw=="
    ],

    "nypm": [
      "nypm@0.6.2",
      "",
      {
        "dependencies": {
          "citty": "^0.1.6",
          "consola": "^3.4.2",
          "pathe": "^2.0.3",
          "pkg-types": "^2.3.0",
          "tinyexec": "^1.0.1"
        },
        "bin": { "nypm": "dist/cli.mjs" }
      },
      "sha512-7eM+hpOtrKrBDCh7Ypu2lJ9Z7PNZBdi/8AT3AX8xoCj43BBVHD0hPSTEvMtkMpfs8FCqBGhxB+uToIQimA111g=="
    ],

    "path-scurry": [
      "path-scurry@2.0.1",
      "",
      { "dependencies": { "lru-cache": "^11.0.0", "minipass": "^7.1.2" } },
      "sha512-oWyT4gICAu+kaA7QWk/jvCHWarMKNs6pXOGWKDTr7cw4IGcUbW+PeTfbaQiLGheFRpjo6O9J0PmyMfQPjH71oA=="
    ],

    "pathe": [
      "pathe@2.0.3",
      "",
      {},
      "sha512-WUjGcAqP1gQacoQe+OBJsFA7Ld4DyXuUIjZ5cc75cLHvJ7dtNsTugphxIADwspS+AraAUePCKrSVtPLFj/F88w=="
    ],

    "picocolors": [
      "picocolors@1.1.1",
      "",
      {},
      "sha512-xceH2snhtb5M9liqDsmEw56le376mTZkEX/jEb/RxNFyegNul7eNslCXP9FDj/Lcu0X8KEyMceP2ntpaHrDEVA=="
    ],

    "pkg-types": [
      "pkg-types@2.3.0",
      "",
      {
        "dependencies": {
          "confbox": "^0.2.2",
          "exsolve": "^1.0.7",
          "pathe": "^2.0.3"
        }
      },
      "sha512-SIqCzDRg0s9npO5XQ3tNZioRY1uK06lA41ynBC1YmFTmnY6FjUjVt6s4LoADmwoig1qqD0oK8h1p/8mlMx8Oig=="
    ],

    "sisteransi": [
      "sisteransi@1.0.5",
      "",
      {},
      "sha512-bLGGlR1QxBcynn2d5YmDX4MGjlZvy2MRBDRNHLJ8VI6l6+9FUiyTFNJ0IveOSP0bcXgVDPRcfGqA0pjaqUpfVg=="
    ],

    "tinyexec": [
      "tinyexec@1.0.2",
      "",
      {},
      "sha512-W/KYk+NFhkmsYpuHq5JykngiOCnxeVL8v8dFnqxSD8qEEdRfXk1SDM6JzNqcERbcGYj9tMrDQBYV9cjgnunFIg=="
    ],

    "trpc-cli": [
      "trpc-cli@0.12.1",
      "",
      {
        "dependencies": { "commander": "^14.0.0" },
        "peerDependencies": {
          "@orpc/server": "^1.0.0",
          "@trpc/server": "^10.45.2 || ^11.0.1",
          "@valibot/to-json-schema": "^1.1.0",
          "effect": "^3.14.2 || ^4.0.0",
          "valibot": "^1.1.0",
          "zod": "^3.24.0 || ^4.0.0"
        },
        "optionalPeers": [
          "@orpc/server",
          "@trpc/server",
          "@valibot/to-json-schema",
          "effect",
          "valibot",
          "zod"
        ],
        "bin": { "trpc-cli": "dist/bin.js" }
      },
      "sha512-/D/mIQf3tUrS7ZKJZ1gmSPJn2psAABJfkC5Eevm55SZ4s6KwANOUNlwhAGXN9HT4VSJVfoF2jettevE9vHPQlg=="
    ],

    "typescript": [
      "typescript@5.9.3",
      "",
      { "bin": { "tsc": "bin/tsc", "tsserver": "bin/tsserver" } },
      "sha512-jl1vZzPDinLr9eUt3J/t7V6FgNEw9QjvBPdysz9KfQDD41fQrC2Y4vKQdiaUpFT4bXlb1RHhLpp8wtm6M5TgSw=="
    ],

    "ultracite": [
      "ultracite@6.3.9",
      "",
      {
        "dependencies": {
          "@clack/prompts": "^0.11.0",
          "@trpc/server": "^11.7.2",
          "deepmerge": "^4.3.1",
          "glob": "^13.0.0",
          "jsonc-parser": "^3.3.1",
          "nypm": "^0.6.2",
          "trpc-cli": "^0.12.1",
          "zod": "^4.1.13"
        },
        "bin": { "ultracite": "dist/index.js" }
      },
      "sha512-bqj8Eh3VWYcjHXMR3+a9xqZXbgFY3PxwB+m9LTC+W1HHs5qtOtxH4QX51MiH513jfThpdM+cnWAk5KNltVh+Kg=="
    ],

    "undici-types": [
      "undici-types@7.16.0",
      "",
      {},
      "sha512-Zz+aZWSj8LE6zoxD+xrjh4VfkIG8Ya6LvYkZqtUQGJPZjYl53ypCaUwWqo7eI0x66KBGeRo+mlBEkMSeSZ38Nw=="
    ],

    "zod": [
      "zod@4.1.13",
      "",
      {},
      "sha512-AvvthqfqrAhNH9dnfmrfKzX5upOdjUVJYFqNSlkmGf64gRaTzlPwz99IHYnVs28qYAybvAlBV+H7pn0saFY4Ig=="
    ]
  }
}
